
Microsoft Visual Studio Solution File, Format Version 12.00
# Visual Studio Version 17
VisualStudioVersion = 17.9.34701.34
MinimumVisualStudioVersion = 10.0.40219.1
Project("{FAE04EC0-301F-11D3-BF4B-00C04F79EFBC}") = "ConsoleApp3", "ConsoleApp3\ConsoleApp3.csproj", "{1A43A4AC-A08B-4017-BEDF-B719A21435DA}"
EndProject
Global
	GlobalSection(SolutionConfigurationPlatforms) = preSolution
		Debug|Any CPU = Debug|Any CPU
		Release|Any CPU = Release|Any CPU
	EndGlobalSection
	GlobalSection(ProjectConfigurationPlatforms) = postSolution
		{1A43A4AC-A08B-4017-BEDF-B719A21435DA}.Debug|Any CPU.ActiveCfg = Debug|Any CPU
		{1A43A4AC-A08B-4017-BEDF-B719A21435DA}.Debug|Any CPU.Build.0 = Debug|Any CPU
		{1A43A4AC-A08B-4017-BEDF-B719A21435DA}.Release|Any CPU.ActiveCfg = Release|Any CPU
		{1A43A4AC-A08B-4017-BEDF-B719A21435DA}.Release|Any CPU.Build.0 = Release|Any CPU
	EndGlobalSection
	GlobalSection(SolutionProperties) = preSolution
		HideSolutionNode = FALSE
	EndGlobalSection
	GlobalSection(ExtensibilityGlobals) = postSolution
		SolutionGuid = {0C676666-2DBC-4E36-A40F-8AD49EC92A92}
	EndGlobalSection
EndGlobal
