
Microsoft Visual Studio Solution File, Format Version 12.00
# Visual Studio Version 17
VisualStudioVersion = 17.9.34701.34
MinimumVisualStudioVersion = 10.0.40219.1
Project("{FAE04EC0-301F-11D3-BF4B-00C04F79EFBC}") = "WebApplicationAss1", "WebApplicationAss1\WebApplicationAss1.csproj", "{6BB3C4AD-DEA9-4BD8-81F8-A2C9DDA1C4F8}"
EndProject
Global
	GlobalSection(SolutionConfigurationPlatforms) = preSolution
		Debug|Any CPU = Debug|Any CPU
		Release|Any CPU = Release|Any CPU
	EndGlobalSection
	GlobalSection(ProjectConfigurationPlatforms) = postSolution
		{6BB3C4AD-DEA9-4BD8-81F8-A2C9DDA1C4F8}.Debug|Any CPU.ActiveCfg = Debug|Any CPU
		{6BB3C4AD-DEA9-4BD8-81F8-A2C9DDA1C4F8}.Debug|Any CPU.Build.0 = Debug|Any CPU
		{6BB3C4AD-DEA9-4BD8-81F8-A2C9DDA1C4F8}.Release|Any CPU.ActiveCfg = Release|Any CPU
		{6BB3C4AD-DEA9-4BD8-81F8-A2C9DDA1C4F8}.Release|Any CPU.Build.0 = Release|Any CPU
	EndGlobalSection
	GlobalSection(SolutionProperties) = preSolution
		HideSolutionNode = FALSE
	EndGlobalSection
	GlobalSection(ExtensibilityGlobals) = postSolution
		SolutionGuid = {243BD60A-AFCF-4BD7-BE22-CD47EC27EB00}
	EndGlobalSection
EndGlobal
